
Microsoft Visual Studio Solution File, Format Version 12.00
# Visual Studio 14
VisualStudioVersion = 14.0.25420.1
MinimumVisualStudioVersion = 10.0.40219.1
Project("{FAE04EC0-301F-11D3-BF4B-00C04F79EFBC}") = "01.NumbersFromOneToOneHundred", "01.NumbersFromOneToOneHundred\01.NumbersFromOneToOneHundred.csproj", "{68CDA155-ED96-4E02-855D-57EC17282750}"
EndProject
Project("{FAE04EC0-301F-11D3-BF4B-00C04F79EFBC}") = "02.NumbersEndingInSeven", "02.NumbersEndingInSeven\02.NumbersEndingInSeven.csproj", "{0B6FB8A3-5286-4D83-BDC3-C48E14124749}"
EndProject
Project("{FAE04EC0-301F-11D3-BF4B-00C04F79EFBC}") = "03.LatinLetters", "03.LatinLetters\03.LatinLetters.csproj", "{A8373428-5B2C-41DC-AF89-A156142303F2}"
EndProject
Project("{FAE04EC0-301F-11D3-BF4B-00C04F79EFBC}") = "11.OddEvenPosition", "11.OddEvenPosition\11.OddEvenPosition.csproj", "{02F23BF7-CC7C-4589-8172-4B976F112E5C}"
EndProject
Global
	GlobalSection(SolutionConfigurationPlatforms) = preSolution
		Debug|Any CPU = Debug|Any CPU
		Release|Any CPU = Release|Any CPU
	EndGlobalSection
	GlobalSection(ProjectConfigurationPlatforms) = postSolution
		{68CDA155-ED96-4E02-855D-57EC17282750}.Debug|Any CPU.ActiveCfg = Debug|Any CPU
		{68CDA155-ED96-4E02-855D-57EC17282750}.Debug|Any CPU.Build.0 = Debug|Any CPU
		{68CDA155-ED96-4E02-855D-57EC17282750}.Release|Any CPU.ActiveCfg = Release|Any CPU
		{68CDA155-ED96-4E02-855D-57EC17282750}.Release|Any CPU.Build.0 = Release|Any CPU
		{0B6FB8A3-5286-4D83-BDC3-C48E14124749}.Debug|Any CPU.ActiveCfg = Debug|Any CPU
		{0B6FB8A3-5286-4D83-BDC3-C48E14124749}.Debug|Any CPU.Build.0 = Debug|Any CPU
		{0B6FB8A3-5286-4D83-BDC3-C48E14124749}.Release|Any CPU.ActiveCfg = Release|Any CPU
		{0B6FB8A3-5286-4D83-BDC3-C48E14124749}.Release|Any CPU.Build.0 = Release|Any CPU
		{A8373428-5B2C-41DC-AF89-A156142303F2}.Debug|Any CPU.ActiveCfg = Debug|Any CPU
		{A8373428-5B2C-41DC-AF89-A156142303F2}.Debug|Any CPU.Build.0 = Debug|Any CPU
		{A8373428-5B2C-41DC-AF89-A156142303F2}.Release|Any CPU.ActiveCfg = Release|Any CPU
		{A8373428-5B2C-41DC-AF89-A156142303F2}.Release|Any CPU.Build.0 = Release|Any CPU
		{02F23BF7-CC7C-4589-8172-4B976F112E5C}.Debug|Any CPU.ActiveCfg = Debug|Any CPU
		{02F23BF7-CC7C-4589-8172-4B976F112E5C}.Debug|Any CPU.Build.0 = Debug|Any CPU
		{02F23BF7-CC7C-4589-8172-4B976F112E5C}.Release|Any CPU.ActiveCfg = Release|Any CPU
		{02F23BF7-CC7C-4589-8172-4B976F112E5C}.Release|Any CPU.Build.0 = Release|Any CPU
	EndGlobalSection
	GlobalSection(SolutionProperties) = preSolution
		HideSolutionNode = FALSE
	EndGlobalSection
EndGlobal
